# This file is automatically @generated by Cargo.
# It is not intended for manual editing.
version = 4

[[package]]
name = "copper-cloud"
version = "0.1.0"
dependencies = [
 "copper-cloud-canvas",
 "copper-cloud-core",
]

[[package]]
name = "copper-cloud-canvas"
version = "0.1.0"
dependencies = [
 "copper-cloud-core",
]

[[package]]
name = "copper-cloud-core"
version = "0.1.0"
